{
  "name": "myapp",
  "requires": true,
  "lockfileVersion": 1,
  "dependencies": {
    "datatables.net": {
      "version": "1.10.16",
      "resolved": "https://registry.npmjs.org/datatables.net/-/datatables.net-1.10.16.tgz",
      "integrity": "sha1-SwUtEIKCQmG2ju2dInQbcR09JGk=",
      "requires": {
        "jquery": "3.3.1"
      }
    },
    "datatables.net-bs4": {
      "version": "1.10.16",
      "resolved": "https://registry.npmjs.org/datatables.net-bs4/-/datatables.net-bs4-1.10.16.tgz",
      "integrity": "sha1-nu5nz6hWW9OAemA6GIMF99DiDjI=",
      "requires": {
        "datatables.net": "1.10.16",
        "jquery": "3.3.1"
      }
    },
    "inputmask": {
      "version": "3.3.11",
      "resolved": "https://registry.npmjs.org/inputmask/-/inputmask-3.3.11.tgz",
      "integrity": "sha1-FCHJSuKMPc0bTSYze1CLs0mY4tg="
    },
    "jquery": {
      "version": "3.3.1",
      "resolved": "https://registry.npmjs.org/jquery/-/jquery-3.3.1.tgz",
      "integrity": "sha512-Ubldcmxp5np52/ENotGxlLe6aGMvmF4R8S6tZjsP6Knsaxd/xp3Zrh50cG93lR6nPXyUFwzN3ZSOQI0wRJNdGg=="
    }
  }
}
